
Microsoft Visual Studio Solution File, Format Version 12.00
Project("{FAE04EC0-301F-11D3-BF4B-00C04F79EFBC}") = "p4g64.quickBattleRestart", "p4g64.quickBattleRestart\p4g64.quickBattleRestart.csproj", "{F2D5D199-E6BE-44EC-8E55-47FB1977DE13}"
EndProject
Global
	GlobalSection(SolutionConfigurationPlatforms) = preSolution
		Debug|Any CPU = Debug|Any CPU
		Release|Any CPU = Release|Any CPU
	EndGlobalSection
	GlobalSection(ProjectConfigurationPlatforms) = postSolution
		{F2D5D199-E6BE-44EC-8E55-47FB1977DE13}.Debug|Any CPU.ActiveCfg = Debug|Any CPU
		{F2D5D199-E6BE-44EC-8E55-47FB1977DE13}.Debug|Any CPU.Build.0 = Debug|Any CPU
		{F2D5D199-E6BE-44EC-8E55-47FB1977DE13}.Release|Any CPU.ActiveCfg = Release|Any CPU
		{F2D5D199-E6BE-44EC-8E55-47FB1977DE13}.Release|Any CPU.Build.0 = Release|Any CPU
	EndGlobalSection
EndGlobal
